
Microsoft Visual Studio Solution File, Format Version 12.00
# Visual Studio 15
VisualStudioVersion = 15.0.28307.329
MinimumVisualStudioVersion = 10.0.40219.1
Project("{FAE04EC0-301F-11D3-BF4B-00C04F79EFBC}") = "gyroTrack", "gyroTrack.csproj", "{7F82E2CE-9F5C-486D-BE2B-4055B8632332}"
EndProject
Global
	GlobalSection(SolutionConfigurationPlatforms) = preSolution
		Debug|Any CPU = Debug|Any CPU
		Release|Any CPU = Release|Any CPU
	EndGlobalSection
	GlobalSection(ProjectConfigurationPlatforms) = postSolution
		{7F82E2CE-9F5C-486D-BE2B-4055B8632332}.Debug|Any CPU.ActiveCfg = Debug|Any CPU
		{7F82E2CE-9F5C-486D-BE2B-4055B8632332}.Debug|Any CPU.Build.0 = Debug|Any CPU
		{7F82E2CE-9F5C-486D-BE2B-4055B8632332}.Release|Any CPU.ActiveCfg = Release|Any CPU
		{7F82E2CE-9F5C-486D-BE2B-4055B8632332}.Release|Any CPU.Build.0 = Release|Any CPU
	EndGlobalSection
	GlobalSection(SolutionProperties) = preSolution
		HideSolutionNode = FALSE
	EndGlobalSection
	GlobalSection(ExtensibilityGlobals) = postSolution
		SolutionGuid = {38BE6B97-A62A-4D40-B59A-212239B85532}
	EndGlobalSection
EndGlobal
